
Microsoft Visual Studio Solution File, Format Version 12.00
# Visual Studio 15
VisualStudioVersion = 15.0.27703.2018
MinimumVisualStudioVersion = 10.0.40219.1
Project("{9B56FCB0-63B4-404F-8A09-42EF52B53347}") = "ServiceFabricMeshApp", "ServiceFabricMeshApp\ServiceFabricMeshApp.sfaproj", "{0B752616-61CC-4F48-8454-BCEDD014F64F}"
EndProject
Project("{FAE04EC0-301F-11D3-BF4B-00C04F79EFBC}") = "WebFrontEnd", "WebFrontEnd\WebFrontEnd.csproj", "{E95712CC-0D2C-4F40-ABEB-11CD618F24B0}"
EndProject
Project("{FAE04EC0-301F-11D3-BF4B-00C04F79EFBC}") = "Model", "Model\Model.csproj", "{C2865819-0BDC-4122-96F8-CE4CFDF376C7}"
EndProject
Project("{FAE04EC0-301F-11D3-BF4B-00C04F79EFBC}") = "ToDoService", "ToDoService\ToDoService.csproj", "{CA3619E3-457E-4957-BC90-D41ED12A7129}"
EndProject
Global
	GlobalSection(SolutionConfigurationPlatforms) = preSolution
		Debug|Any CPU = Debug|Any CPU
		Release|Any CPU = Release|Any CPU
	EndGlobalSection
	GlobalSection(ProjectConfigurationPlatforms) = postSolution
		{0B752616-61CC-4F48-8454-BCEDD014F64F}.Debug|Any CPU.ActiveCfg = Debug|Any CPU
		{0B752616-61CC-4F48-8454-BCEDD014F64F}.Debug|Any CPU.Build.0 = Debug|Any CPU
		{0B752616-61CC-4F48-8454-BCEDD014F64F}.Release|Any CPU.ActiveCfg = Release|Any CPU
		{0B752616-61CC-4F48-8454-BCEDD014F64F}.Release|Any CPU.Build.0 = Release|Any CPU
		{E95712CC-0D2C-4F40-ABEB-11CD618F24B0}.Debug|Any CPU.ActiveCfg = Debug|Any CPU
		{E95712CC-0D2C-4F40-ABEB-11CD618F24B0}.Debug|Any CPU.Build.0 = Debug|Any CPU
		{E95712CC-0D2C-4F40-ABEB-11CD618F24B0}.Release|Any CPU.ActiveCfg = Release|Any CPU
		{E95712CC-0D2C-4F40-ABEB-11CD618F24B0}.Release|Any CPU.Build.0 = Release|Any CPU
		{C2865819-0BDC-4122-96F8-CE4CFDF376C7}.Debug|Any CPU.ActiveCfg = Debug|Any CPU
		{C2865819-0BDC-4122-96F8-CE4CFDF376C7}.Debug|Any CPU.Build.0 = Debug|Any CPU
		{C2865819-0BDC-4122-96F8-CE4CFDF376C7}.Release|Any CPU.ActiveCfg = Release|Any CPU
		{C2865819-0BDC-4122-96F8-CE4CFDF376C7}.Release|Any CPU.Build.0 = Release|Any CPU
		{CA3619E3-457E-4957-BC90-D41ED12A7129}.Debug|Any CPU.ActiveCfg = Debug|Any CPU
		{CA3619E3-457E-4957-BC90-D41ED12A7129}.Debug|Any CPU.Build.0 = Debug|Any CPU
		{CA3619E3-457E-4957-BC90-D41ED12A7129}.Release|Any CPU.ActiveCfg = Release|Any CPU
		{CA3619E3-457E-4957-BC90-D41ED12A7129}.Release|Any CPU.Build.0 = Release|Any CPU
	EndGlobalSection
	GlobalSection(SolutionProperties) = preSolution
		HideSolutionNode = FALSE
	EndGlobalSection
	GlobalSection(ExtensibilityGlobals) = postSolution
		SolutionGuid = {FF4638AC-1BAA-4A07-B478-CF96EF80D002}
	EndGlobalSection
EndGlobal
